
Microsoft Visual Studio Solution File, Format Version 12.00
# Visual Studio Version 17
VisualStudioVersion = 17.0.32014.148
MinimumVisualStudioVersion = 10.0.40219.1
Project("{FAE04EC0-301F-11D3-BF4B-00C04F79EFBC}") = "SwapNumbers", "SwapNumbers\SwapNumbers.csproj", "{332ABD79-AE41-4289-A595-2B02B74AB317}"
EndProject
Global
	GlobalSection(SolutionConfigurationPlatforms) = preSolution
		Debug|Any CPU = Debug|Any CPU
		Release|Any CPU = Release|Any CPU
	EndGlobalSection
	GlobalSection(ProjectConfigurationPlatforms) = postSolution
		{332ABD79-AE41-4289-A595-2B02B74AB317}.Debug|Any CPU.ActiveCfg = Debug|Any CPU
		{332ABD79-AE41-4289-A595-2B02B74AB317}.Debug|Any CPU.Build.0 = Debug|Any CPU
		{332ABD79-AE41-4289-A595-2B02B74AB317}.Release|Any CPU.ActiveCfg = Release|Any CPU
		{332ABD79-AE41-4289-A595-2B02B74AB317}.Release|Any CPU.Build.0 = Release|Any CPU
	EndGlobalSection
	GlobalSection(SolutionProperties) = preSolution
		HideSolutionNode = FALSE
	EndGlobalSection
	GlobalSection(ExtensibilityGlobals) = postSolution
		SolutionGuid = {982CCB9A-B9B9-4EC9-A02D-C79B36AECC5D}
	EndGlobalSection
EndGlobal
