
Microsoft Visual Studio Solution File, Format Version 12.00
# Visual Studio Version 17
VisualStudioVersion = 17.0.32014.148
MinimumVisualStudioVersion = 10.0.40219.1
Project("{FAE04EC0-301F-11D3-BF4B-00C04F79EFBC}") = "OOPsConcept", "OOPsConcept\OOPsConcept.csproj", "{CDB59C80-BF5A-4E60-B9EE-2825F58F5FC4}"
EndProject
Global
	GlobalSection(SolutionConfigurationPlatforms) = preSolution
		Debug|Any CPU = Debug|Any CPU
		Release|Any CPU = Release|Any CPU
	EndGlobalSection
	GlobalSection(ProjectConfigurationPlatforms) = postSolution
		{CDB59C80-BF5A-4E60-B9EE-2825F58F5FC4}.Debug|Any CPU.ActiveCfg = Debug|Any CPU
		{CDB59C80-BF5A-4E60-B9EE-2825F58F5FC4}.Debug|Any CPU.Build.0 = Debug|Any CPU
		{CDB59C80-BF5A-4E60-B9EE-2825F58F5FC4}.Release|Any CPU.ActiveCfg = Release|Any CPU
		{CDB59C80-BF5A-4E60-B9EE-2825F58F5FC4}.Release|Any CPU.Build.0 = Release|Any CPU
	EndGlobalSection
	GlobalSection(SolutionProperties) = preSolution
		HideSolutionNode = FALSE
	EndGlobalSection
	GlobalSection(ExtensibilityGlobals) = postSolution
		SolutionGuid = {4CE1981A-764C-42CD-AF31-6A16E0C1DFD0}
	EndGlobalSection
EndGlobal
